
Microsoft Visual Studio Solution File, Format Version 12.00
# Visual Studio Version 17
VisualStudioVersion = 17.6.33815.320
MinimumVisualStudioVersion = 10.0.40219.1
Project("{FAE04EC0-301F-11D3-BF4B-00C04F79EFBC}") = "DZ2", "DZ2\DZ2.csproj", "{5BB10485-F179-4BF6-8C2E-D605BFF2C733}"
EndProject
Global
	GlobalSection(SolutionConfigurationPlatforms) = preSolution
		Debug|Any CPU = Debug|Any CPU
		Release|Any CPU = Release|Any CPU
	EndGlobalSection
	GlobalSection(ProjectConfigurationPlatforms) = postSolution
		{5BB10485-F179-4BF6-8C2E-D605BFF2C733}.Debug|Any CPU.ActiveCfg = Debug|Any CPU
		{5BB10485-F179-4BF6-8C2E-D605BFF2C733}.Debug|Any CPU.Build.0 = Debug|Any CPU
		{5BB10485-F179-4BF6-8C2E-D605BFF2C733}.Release|Any CPU.ActiveCfg = Release|Any CPU
		{5BB10485-F179-4BF6-8C2E-D605BFF2C733}.Release|Any CPU.Build.0 = Release|Any CPU
	EndGlobalSection
	GlobalSection(SolutionProperties) = preSolution
		HideSolutionNode = FALSE
	EndGlobalSection
	GlobalSection(ExtensibilityGlobals) = postSolution
		SolutionGuid = {63C358FD-FC06-4DB8-9B4F-DCD231DE0CAF}
	EndGlobalSection
EndGlobal
